
Microsoft Visual Studio Solution File, Format Version 12.00
Project("{FAE04EC0-301F-11D3-BF4B-00C04F79EFBC}") = "GaN8373.HotChocolate.Extensions.FreeSQL", "GaN8373.HotChocolate.Extensions.FreeSQL\GaN8373.HotChocolate.Extensions.FreeSQL.csproj", "{9FD1012A-3650-4A36-B829-2A68D6CD8A75}"
EndProject
Global
	GlobalSection(SolutionConfigurationPlatforms) = preSolution
		Debug|Any CPU = Debug|Any CPU
		Release|Any CPU = Release|Any CPU
	EndGlobalSection
	GlobalSection(ProjectConfigurationPlatforms) = postSolution
		{9FD1012A-3650-4A36-B829-2A68D6CD8A75}.Debug|Any CPU.ActiveCfg = Debug|Any CPU
		{9FD1012A-3650-4A36-B829-2A68D6CD8A75}.Debug|Any CPU.Build.0 = Debug|Any CPU
		{9FD1012A-3650-4A36-B829-2A68D6CD8A75}.Release|Any CPU.ActiveCfg = Release|Any CPU
		{9FD1012A-3650-4A36-B829-2A68D6CD8A75}.Release|Any CPU.Build.0 = Release|Any CPU
	EndGlobalSection
EndGlobal
